
Microsoft Visual Studio Solution File, Format Version 12.00
# Visual Studio Version 16
VisualStudioVersion = 16.0.31205.134
MinimumVisualStudioVersion = 10.0.40219.1
Project("{FAE04EC0-301F-11D3-BF4B-00C04F79EFBC}") = "LearningRustPL.Android", "LearningRustPL\LearningRustPL.Android\LearningRustPL.Android.csproj", "{CC61E91F-A4AD-4444-B2CA-79F60B7C4FBF}"
EndProject
Project("{FAE04EC0-301F-11D3-BF4B-00C04F79EFBC}") = "LearningRustPL", "LearningRustPL\LearningRustPL\LearningRustPL.csproj", "{0BE9185E-8201-499A-8849-3E8630753E8C}"
EndProject
Global
	GlobalSection(SolutionConfigurationPlatforms) = preSolution
		Debug|Any CPU = Debug|Any CPU
		Release|Any CPU = Release|Any CPU
	EndGlobalSection
	GlobalSection(ProjectConfigurationPlatforms) = postSolution
		{CC61E91F-A4AD-4444-B2CA-79F60B7C4FBF}.Debug|Any CPU.ActiveCfg = Debug|Any CPU
		{CC61E91F-A4AD-4444-B2CA-79F60B7C4FBF}.Debug|Any CPU.Build.0 = Debug|Any CPU
		{CC61E91F-A4AD-4444-B2CA-79F60B7C4FBF}.Debug|Any CPU.Deploy.0 = Debug|Any CPU
		{CC61E91F-A4AD-4444-B2CA-79F60B7C4FBF}.Release|Any CPU.ActiveCfg = Release|Any CPU
		{CC61E91F-A4AD-4444-B2CA-79F60B7C4FBF}.Release|Any CPU.Build.0 = Release|Any CPU
		{CC61E91F-A4AD-4444-B2CA-79F60B7C4FBF}.Release|Any CPU.Deploy.0 = Release|Any CPU
		{0BE9185E-8201-499A-8849-3E8630753E8C}.Debug|Any CPU.ActiveCfg = Debug|Any CPU
		{0BE9185E-8201-499A-8849-3E8630753E8C}.Debug|Any CPU.Build.0 = Debug|Any CPU
		{0BE9185E-8201-499A-8849-3E8630753E8C}.Debug|Any CPU.Deploy.0 = Debug|Any CPU
		{0BE9185E-8201-499A-8849-3E8630753E8C}.Release|Any CPU.ActiveCfg = Release|Any CPU
		{0BE9185E-8201-499A-8849-3E8630753E8C}.Release|Any CPU.Build.0 = Release|Any CPU
		{0BE9185E-8201-499A-8849-3E8630753E8C}.Release|Any CPU.Deploy.0 = Release|Any CPU
	EndGlobalSection
	GlobalSection(SolutionProperties) = preSolution
		HideSolutionNode = FALSE
	EndGlobalSection
	GlobalSection(ExtensibilityGlobals) = postSolution
		SolutionGuid = {4F85632A-0890-4CCA-BF06-27B49445CD9E}
	EndGlobalSection
EndGlobal
